
Microsoft Visual Studio Solution File, Format Version 12.00
# Visual Studio Version 16
VisualStudioVersion = 16.0.29728.190
MinimumVisualStudioVersion = 10.0.40219.1
Project("{FAE04EC0-301F-11D3-BF4B-00C04F79EFBC}") = "ITEKISI_API", "ITEKISI_API\ITEKISI_API.csproj", "{DB29A935-8DA7-4132-94A7-716C575FA5B2}"
EndProject
Project("{00D1A9C2-B5F0-4AF3-8072-F6C62B433612}") = "ITEKISI_DB", "ITEKISI_DB\ITEKISI_DB.sqlproj", "{A39501F4-C50D-4827-87B9-092A3B2F7706}"
EndProject
Global
	GlobalSection(SolutionConfigurationPlatforms) = preSolution
		Debug|Any CPU = Debug|Any CPU
		Release|Any CPU = Release|Any CPU
	EndGlobalSection
	GlobalSection(ProjectConfigurationPlatforms) = postSolution
		{DB29A935-8DA7-4132-94A7-716C575FA5B2}.Debug|Any CPU.ActiveCfg = Debug|Any CPU
		{DB29A935-8DA7-4132-94A7-716C575FA5B2}.Debug|Any CPU.Build.0 = Debug|Any CPU
		{DB29A935-8DA7-4132-94A7-716C575FA5B2}.Release|Any CPU.ActiveCfg = Release|Any CPU
		{DB29A935-8DA7-4132-94A7-716C575FA5B2}.Release|Any CPU.Build.0 = Release|Any CPU
		{A39501F4-C50D-4827-87B9-092A3B2F7706}.Debug|Any CPU.ActiveCfg = Debug|Any CPU
		{A39501F4-C50D-4827-87B9-092A3B2F7706}.Debug|Any CPU.Build.0 = Debug|Any CPU
		{A39501F4-C50D-4827-87B9-092A3B2F7706}.Debug|Any CPU.Deploy.0 = Debug|Any CPU
		{A39501F4-C50D-4827-87B9-092A3B2F7706}.Release|Any CPU.ActiveCfg = Release|Any CPU
		{A39501F4-C50D-4827-87B9-092A3B2F7706}.Release|Any CPU.Build.0 = Release|Any CPU
		{A39501F4-C50D-4827-87B9-092A3B2F7706}.Release|Any CPU.Deploy.0 = Release|Any CPU
	EndGlobalSection
	GlobalSection(SolutionProperties) = preSolution
		HideSolutionNode = FALSE
	EndGlobalSection
	GlobalSection(ExtensibilityGlobals) = postSolution
		SolutionGuid = {BD482797-2FA9-4283-88BB-4529749C517E}
	EndGlobalSection
EndGlobal
